Microsoft Visual Studio Solution File, Format Version 12.00
# Visual Studio Version 17
VisualStudioVersion = 17.5.2.0
MinimumVisualStudioVersion = 10.0.40219.1
Project("{FAE04EC0-301F-11D3-BF4B-00C04F79EFBC}") = "NeoBeat_Net", "NeoBeat_Net.csproj", "{3F4A08B5-5860-4F57-B5C2-CED70CF8F1D1}"
EndProject
Global
	GlobalSection(SolutionConfigurationPlatforms) = preSolution
		Debug|Any CPU = Debug|Any CPU
		Release|Any CPU = Release|Any CPU
	EndGlobalSection
	GlobalSection(ProjectConfigurationPlatforms) = postSolution
		{3F4A08B5-5860-4F57-B5C2-CED70CF8F1D1}.Debug|Any CPU.ActiveCfg = Debug|Any CPU
		{3F4A08B5-5860-4F57-B5C2-CED70CF8F1D1}.Debug|Any CPU.Build.0 = Debug|Any CPU
		{3F4A08B5-5860-4F57-B5C2-CED70CF8F1D1}.Release|Any CPU.ActiveCfg = Release|Any CPU
		{3F4A08B5-5860-4F57-B5C2-CED70CF8F1D1}.Release|Any CPU.Build.0 = Release|Any CPU
	EndGlobalSection
	GlobalSection(SolutionProperties) = preSolution
		HideSolutionNode = FALSE
	EndGlobalSection
	GlobalSection(ExtensibilityGlobals) = postSolution
		SolutionGuid = {A0C6B8B1-5A0E-45FE-8909-D3D1AA782CB7}
	EndGlobalSection
EndGlobal
